
Microsoft Visual Studio Solution File, Format Version 12.00
# Visual Studio 15
VisualStudioVersion = 15.0.26403.0
MinimumVisualStudioVersion = 10.0.40219.1
Project("{FAE04EC0-301F-11D3-BF4B-00C04F79EFBC}") = "Business.Test", "Business.Test\Business.Test.csproj", "{1724A956-2EBE-4709-ACCA-5638AACE6C3F}"
EndProject
Project("{FAE04EC0-301F-11D3-BF4B-00C04F79EFBC}") = "Service.Test", "Service.Test\Service.Test.csproj", "{2150FC74-C3E1-4DAB-A7F6-5143A690FD03}"
EndProject
Project("{9A19103F-16F7-4668-BE54-9A1E7A4F7556}") = "Business", "Business\Business.csproj", "{A07C854A-3AE7-4C92-B18C-2C264690179D}"
EndProject
Project("{9A19103F-16F7-4668-BE54-9A1E7A4F7556}") = "Contracts", "Contracts\Contracts.csproj", "{22797E35-C1DE-4D23-B97A-E4420CCAB8DE}"
EndProject
Project("{9A19103F-16F7-4668-BE54-9A1E7A4F7556}") = "Service", "Service\Service.csproj", "{C4110A99-4112-4220-B945-C8854D70FBCC}"
EndProject
Project("{2150E333-8FDC-42A3-9474-1A3956D46DE8}") = "Test", "Test", "{8E0A7424-235A-41BC-890C-154C83FE40D6}"
EndProject
Project("{9A19103F-16F7-4668-BE54-9A1E7A4F7556}") = "Service.Client", "Service.Client\Service.Client.csproj", "{4602C34C-5514-4354-8D2B-9F0DC1676237}"
EndProject
Global
	GlobalSection(SolutionConfigurationPlatforms) = preSolution
		Debug|Any CPU = Debug|Any CPU
		Release|Any CPU = Release|Any CPU
	EndGlobalSection
	GlobalSection(ProjectConfigurationPlatforms) = postSolution
		{1724A956-2EBE-4709-ACCA-5638AACE6C3F}.Debug|Any CPU.ActiveCfg = Debug|Any CPU
		{1724A956-2EBE-4709-ACCA-5638AACE6C3F}.Debug|Any CPU.Build.0 = Debug|Any CPU
		{1724A956-2EBE-4709-ACCA-5638AACE6C3F}.Release|Any CPU.ActiveCfg = Release|Any CPU
		{1724A956-2EBE-4709-ACCA-5638AACE6C3F}.Release|Any CPU.Build.0 = Release|Any CPU
		{2150FC74-C3E1-4DAB-A7F6-5143A690FD03}.Debug|Any CPU.ActiveCfg = Debug|Any CPU
		{2150FC74-C3E1-4DAB-A7F6-5143A690FD03}.Debug|Any CPU.Build.0 = Debug|Any CPU
		{2150FC74-C3E1-4DAB-A7F6-5143A690FD03}.Release|Any CPU.ActiveCfg = Release|Any CPU
		{2150FC74-C3E1-4DAB-A7F6-5143A690FD03}.Release|Any CPU.Build.0 = Release|Any CPU
		{A07C854A-3AE7-4C92-B18C-2C264690179D}.Debug|Any CPU.ActiveCfg = Debug|Any CPU
		{A07C854A-3AE7-4C92-B18C-2C264690179D}.Debug|Any CPU.Build.0 = Debug|Any CPU
		{A07C854A-3AE7-4C92-B18C-2C264690179D}.Release|Any CPU.ActiveCfg = Release|Any CPU
		{A07C854A-3AE7-4C92-B18C-2C264690179D}.Release|Any CPU.Build.0 = Release|Any CPU
		{22797E35-C1DE-4D23-B97A-E4420CCAB8DE}.Debug|Any CPU.ActiveCfg = Debug|Any CPU
		{22797E35-C1DE-4D23-B97A-E4420CCAB8DE}.Debug|Any CPU.Build.0 = Debug|Any CPU
		{22797E35-C1DE-4D23-B97A-E4420CCAB8DE}.Release|Any CPU.ActiveCfg = Release|Any CPU
		{22797E35-C1DE-4D23-B97A-E4420CCAB8DE}.Release|Any CPU.Build.0 = Release|Any CPU
		{C4110A99-4112-4220-B945-C8854D70FBCC}.Debug|Any CPU.ActiveCfg = Debug|Any CPU
		{C4110A99-4112-4220-B945-C8854D70FBCC}.Debug|Any CPU.Build.0 = Debug|Any CPU
		{C4110A99-4112-4220-B945-C8854D70FBCC}.Release|Any CPU.ActiveCfg = Release|Any CPU
		{C4110A99-4112-4220-B945-C8854D70FBCC}.Release|Any CPU.Build.0 = Release|Any CPU
		{4602C34C-5514-4354-8D2B-9F0DC1676237}.Debug|Any CPU.ActiveCfg = Debug|Any CPU
		{4602C34C-5514-4354-8D2B-9F0DC1676237}.Debug|Any CPU.Build.0 = Debug|Any CPU
		{4602C34C-5514-4354-8D2B-9F0DC1676237}.Release|Any CPU.ActiveCfg = Release|Any CPU
		{4602C34C-5514-4354-8D2B-9F0DC1676237}.Release|Any CPU.Build.0 = Release|Any CPU
	EndGlobalSection
	GlobalSection(SolutionProperties) = preSolution
		HideSolutionNode = FALSE
	EndGlobalSection
	GlobalSection(NestedProjects) = preSolution
		{1724A956-2EBE-4709-ACCA-5638AACE6C3F} = {8E0A7424-235A-41BC-890C-154C83FE40D6}
		{2150FC74-C3E1-4DAB-A7F6-5143A690FD03} = {8E0A7424-235A-41BC-890C-154C83FE40D6}
	EndGlobalSection
EndGlobal
